
Microsoft Visual Studio Solution File, Format Version 12.00
# Visual Studio 15
VisualStudioVersion = 15.0.28307.329
MinimumVisualStudioVersion = 10.0.40219.1
Project("{FAE04EC0-301F-11D3-BF4B-00C04F79EFBC}") = "AudioPlayer", "AudioPlayer\AudioPlayer.csproj", "{F73CD169-B5EB-4624-A0A3-951E31CAF01B}"
EndProject
Global
	GlobalSection(SolutionConfigurationPlatforms) = preSolution
		Debug|Any CPU = Debug|Any CPU
		Release|Any CPU = Release|Any CPU
	EndGlobalSection
	GlobalSection(ProjectConfigurationPlatforms) = postSolution
		{F73CD169-B5EB-4624-A0A3-951E31CAF01B}.Debug|Any CPU.ActiveCfg = Debug|Any CPU
		{F73CD169-B5EB-4624-A0A3-951E31CAF01B}.Debug|Any CPU.Build.0 = Debug|Any CPU
		{F73CD169-B5EB-4624-A0A3-951E31CAF01B}.Release|Any CPU.ActiveCfg = Release|Any CPU
		{F73CD169-B5EB-4624-A0A3-951E31CAF01B}.Release|Any CPU.Build.0 = Release|Any CPU
	EndGlobalSection
	GlobalSection(SolutionProperties) = preSolution
		HideSolutionNode = FALSE
	EndGlobalSection
	GlobalSection(ExtensibilityGlobals) = postSolution
		SolutionGuid = {92985D92-A1CA-43A0-B45E-D9BB0A3435D3}
	EndGlobalSection
EndGlobal
